
Microsoft Visual Studio Solution File, Format Version 12.00
# Visual Studio 2012
Project("{FAE04EC0-301F-11D3-BF4B-00C04F79EFBC}") = "抽象工厂模式", "抽象工厂模式\抽象工厂模式.csproj", "{1F62682C-C27A-4E6B-A519-9E4AE7640FD5}"
EndProject
Project("{FAE04EC0-301F-11D3-BF4B-00C04F79EFBC}") = "中介者模式", "中介者模式\中介者模式.csproj", "{8A03EE68-205B-4855-B772-B7F155C8644E}"
EndProject
Project("{2150E333-8FDC-42A3-9474-1A3956D46DE8}") = "结构型模式", "结构型模式", "{93B31CDC-5336-4850-A9BE-424D82104D39}"
EndProject
Project("{FAE04EC0-301F-11D3-BF4B-00C04F79EFBC}") = "代理模式", "代理模式\代理模式.csproj", "{A9D49BE5-AB42-4E0E-A2A2-FA809BC91F0D}"
EndProject
Project("{2150E333-8FDC-42A3-9474-1A3956D46DE8}") = "适配器模式", "适配器模式", "{51F26309-FE58-4CEF-A16A-635BCCCAA03C}"
	ProjectSection(SolutionItems) = preProject
		使用场景.txt = 使用场景.txt
	EndProjectSection
EndProject
Project("{FAE04EC0-301F-11D3-BF4B-00C04F79EFBC}") = "类的适配器模式", "类的适配器模式\类的适配器模式.csproj", "{8AD399EB-B720-461B-BC6B-606666FEADC2}"
EndProject
Project("{FAE04EC0-301F-11D3-BF4B-00C04F79EFBC}") = "对象的适配器模式", "对象的适配器模式\对象的适配器模式.csproj", "{67C5A012-0CA0-4B59-8172-DFD4628E662B}"
EndProject
Project("{FAE04EC0-301F-11D3-BF4B-00C04F79EFBC}") = "桥接模式", "桥接模式\桥接模式.csproj", "{9D26AFB5-97C1-4694-A2C4-98925D25EF58}"
EndProject
Project("{FAE04EC0-301F-11D3-BF4B-00C04F79EFBC}") = "装饰者模式", "装饰者模式\装饰者模式.csproj", "{ADB19CB0-7CA2-4746-BB2A-209EDFD3F012}"
EndProject
Project("{FAE04EC0-301F-11D3-BF4B-00C04F79EFBC}") = "组合模式", "组合模式\组合模式.csproj", "{95D96FDD-8EBA-4304-850E-4F70635FF8C0}"
EndProject
Project("{FAE04EC0-301F-11D3-BF4B-00C04F79EFBC}") = "外观模式", "外观模式\外观模式.csproj", "{044F00FD-591B-49B0-8EA0-1450771A487B}"
EndProject
Project("{2150E333-8FDC-42A3-9474-1A3956D46DE8}") = "创建型模式", "创建型模式", "{0032D6F4-FE9D-41E3-BD71-05CE37434880}"
EndProject
Project("{FAE04EC0-301F-11D3-BF4B-00C04F79EFBC}") = "单例模式", "单例模式\单例模式.csproj", "{5D717C8F-7296-4220-8E64-3E7523D90C9C}"
EndProject
Project("{FAE04EC0-301F-11D3-BF4B-00C04F79EFBC}") = "简单工厂模式", "简单工厂模式\简单工厂模式.csproj", "{3B831A7F-D5EC-44A0-801B-7769F2B4CFCC}"
EndProject
Global
	GlobalSection(SolutionConfigurationPlatforms) = preSolution
		Debug|Any CPU = Debug|Any CPU
		Release|Any CPU = Release|Any CPU
	EndGlobalSection
	GlobalSection(ProjectConfigurationPlatforms) = postSolution
		{1F62682C-C27A-4E6B-A519-9E4AE7640FD5}.Debug|Any CPU.ActiveCfg = Debug|Any CPU
		{1F62682C-C27A-4E6B-A519-9E4AE7640FD5}.Debug|Any CPU.Build.0 = Debug|Any CPU
		{1F62682C-C27A-4E6B-A519-9E4AE7640FD5}.Release|Any CPU.ActiveCfg = Release|Any CPU
		{1F62682C-C27A-4E6B-A519-9E4AE7640FD5}.Release|Any CPU.Build.0 = Release|Any CPU
		{8A03EE68-205B-4855-B772-B7F155C8644E}.Debug|Any CPU.ActiveCfg = Debug|Any CPU
		{8A03EE68-205B-4855-B772-B7F155C8644E}.Debug|Any CPU.Build.0 = Debug|Any CPU
		{8A03EE68-205B-4855-B772-B7F155C8644E}.Release|Any CPU.ActiveCfg = Release|Any CPU
		{8A03EE68-205B-4855-B772-B7F155C8644E}.Release|Any CPU.Build.0 = Release|Any CPU
		{A9D49BE5-AB42-4E0E-A2A2-FA809BC91F0D}.Debug|Any CPU.ActiveCfg = Debug|Any CPU
		{A9D49BE5-AB42-4E0E-A2A2-FA809BC91F0D}.Debug|Any CPU.Build.0 = Debug|Any CPU
		{A9D49BE5-AB42-4E0E-A2A2-FA809BC91F0D}.Release|Any CPU.ActiveCfg = Release|Any CPU
		{A9D49BE5-AB42-4E0E-A2A2-FA809BC91F0D}.Release|Any CPU.Build.0 = Release|Any CPU
		{8AD399EB-B720-461B-BC6B-606666FEADC2}.Debug|Any CPU.ActiveCfg = Debug|Any CPU
		{8AD399EB-B720-461B-BC6B-606666FEADC2}.Debug|Any CPU.Build.0 = Debug|Any CPU
		{8AD399EB-B720-461B-BC6B-606666FEADC2}.Release|Any CPU.ActiveCfg = Release|Any CPU
		{8AD399EB-B720-461B-BC6B-606666FEADC2}.Release|Any CPU.Build.0 = Release|Any CPU
		{67C5A012-0CA0-4B59-8172-DFD4628E662B}.Debug|Any CPU.ActiveCfg = Debug|Any CPU
		{67C5A012-0CA0-4B59-8172-DFD4628E662B}.Debug|Any CPU.Build.0 = Debug|Any CPU
		{67C5A012-0CA0-4B59-8172-DFD4628E662B}.Release|Any CPU.ActiveCfg = Release|Any CPU
		{67C5A012-0CA0-4B59-8172-DFD4628E662B}.Release|Any CPU.Build.0 = Release|Any CPU
		{9D26AFB5-97C1-4694-A2C4-98925D25EF58}.Debug|Any CPU.ActiveCfg = Debug|Any CPU
		{9D26AFB5-97C1-4694-A2C4-98925D25EF58}.Debug|Any CPU.Build.0 = Debug|Any CPU
		{9D26AFB5-97C1-4694-A2C4-98925D25EF58}.Release|Any CPU.ActiveCfg = Release|Any CPU
		{9D26AFB5-97C1-4694-A2C4-98925D25EF58}.Release|Any CPU.Build.0 = Release|Any CPU
		{ADB19CB0-7CA2-4746-BB2A-209EDFD3F012}.Debug|Any CPU.ActiveCfg = Debug|Any CPU
		{ADB19CB0-7CA2-4746-BB2A-209EDFD3F012}.Debug|Any CPU.Build.0 = Debug|Any CPU
		{ADB19CB0-7CA2-4746-BB2A-209EDFD3F012}.Release|Any CPU.ActiveCfg = Release|Any CPU
		{ADB19CB0-7CA2-4746-BB2A-209EDFD3F012}.Release|Any CPU.Build.0 = Release|Any CPU
		{95D96FDD-8EBA-4304-850E-4F70635FF8C0}.Debug|Any CPU.ActiveCfg = Debug|Any CPU
		{95D96FDD-8EBA-4304-850E-4F70635FF8C0}.Debug|Any CPU.Build.0 = Debug|Any CPU
		{95D96FDD-8EBA-4304-850E-4F70635FF8C0}.Release|Any CPU.ActiveCfg = Release|Any CPU
		{95D96FDD-8EBA-4304-850E-4F70635FF8C0}.Release|Any CPU.Build.0 = Release|Any CPU
		{044F00FD-591B-49B0-8EA0-1450771A487B}.Debug|Any CPU.ActiveCfg = Debug|Any CPU
		{044F00FD-591B-49B0-8EA0-1450771A487B}.Debug|Any CPU.Build.0 = Debug|Any CPU
		{044F00FD-591B-49B0-8EA0-1450771A487B}.Release|Any CPU.ActiveCfg = Release|Any CPU
		{044F00FD-591B-49B0-8EA0-1450771A487B}.Release|Any CPU.Build.0 = Release|Any CPU
		{5D717C8F-7296-4220-8E64-3E7523D90C9C}.Debug|Any CPU.ActiveCfg = Debug|Any CPU
		{5D717C8F-7296-4220-8E64-3E7523D90C9C}.Debug|Any CPU.Build.0 = Debug|Any CPU
		{5D717C8F-7296-4220-8E64-3E7523D90C9C}.Release|Any CPU.ActiveCfg = Release|Any CPU
		{5D717C8F-7296-4220-8E64-3E7523D90C9C}.Release|Any CPU.Build.0 = Release|Any CPU
		{3B831A7F-D5EC-44A0-801B-7769F2B4CFCC}.Debug|Any CPU.ActiveCfg = Debug|Any CPU
		{3B831A7F-D5EC-44A0-801B-7769F2B4CFCC}.Debug|Any CPU.Build.0 = Debug|Any CPU
		{3B831A7F-D5EC-44A0-801B-7769F2B4CFCC}.Release|Any CPU.ActiveCfg = Release|Any CPU
		{3B831A7F-D5EC-44A0-801B-7769F2B4CFCC}.Release|Any CPU.Build.0 = Release|Any CPU
	EndGlobalSection
	GlobalSection(SolutionProperties) = preSolution
		HideSolutionNode = FALSE
	EndGlobalSection
	GlobalSection(NestedProjects) = preSolution
		{A9D49BE5-AB42-4E0E-A2A2-FA809BC91F0D} = {93B31CDC-5336-4850-A9BE-424D82104D39}
		{51F26309-FE58-4CEF-A16A-635BCCCAA03C} = {93B31CDC-5336-4850-A9BE-424D82104D39}
		{9D26AFB5-97C1-4694-A2C4-98925D25EF58} = {93B31CDC-5336-4850-A9BE-424D82104D39}
		{ADB19CB0-7CA2-4746-BB2A-209EDFD3F012} = {93B31CDC-5336-4850-A9BE-424D82104D39}
		{95D96FDD-8EBA-4304-850E-4F70635FF8C0} = {93B31CDC-5336-4850-A9BE-424D82104D39}
		{044F00FD-591B-49B0-8EA0-1450771A487B} = {93B31CDC-5336-4850-A9BE-424D82104D39}
		{8AD399EB-B720-461B-BC6B-606666FEADC2} = {51F26309-FE58-4CEF-A16A-635BCCCAA03C}
		{67C5A012-0CA0-4B59-8172-DFD4628E662B} = {51F26309-FE58-4CEF-A16A-635BCCCAA03C}
		{5D717C8F-7296-4220-8E64-3E7523D90C9C} = {0032D6F4-FE9D-41E3-BD71-05CE37434880}
		{3B831A7F-D5EC-44A0-801B-7769F2B4CFCC} = {0032D6F4-FE9D-41E3-BD71-05CE37434880}
	EndGlobalSection
EndGlobal
