
Microsoft Visual Studio Solution File, Format Version 12.00
# Visual Studio 2012
Project("{FAE04EC0-301F-11D3-BF4B-00C04F79EFBC}") = "中介者模式", "中介者模式\中介者模式.csproj", "{8A03EE68-205B-4855-B772-B7F155C8644E}"
EndProject
Project("{2150E333-8FDC-42A3-9474-1A3956D46DE8}") = "结构型模式", "结构型模式", "{93B31CDC-5336-4850-A9BE-424D82104D39}"
EndProject
Project("{FAE04EC0-301F-11D3-BF4B-00C04F79EFBC}") = "代理模式", "代理模式\代理模式.csproj", "{A9D49BE5-AB42-4E0E-A2A2-FA809BC91F0D}"
EndProject
Project("{2150E333-8FDC-42A3-9474-1A3956D46DE8}") = "适配器模式", "适配器模式", "{51F26309-FE58-4CEF-A16A-635BCCCAA03C}"
	ProjectSection(SolutionItems) = preProject
		使用场景.txt = 使用场景.txt
	EndProjectSection
EndProject
Project("{FAE04EC0-301F-11D3-BF4B-00C04F79EFBC}") = "类的适配器模式", "类的适配器模式\类的适配器模式.csproj", "{8AD399EB-B720-461B-BC6B-606666FEADC2}"
EndProject
Project("{FAE04EC0-301F-11D3-BF4B-00C04F79EFBC}") = "对象的适配器模式", "对象的适配器模式\对象的适配器模式.csproj", "{67C5A012-0CA0-4B59-8172-DFD4628E662B}"
EndProject
Project("{FAE04EC0-301F-11D3-BF4B-00C04F79EFBC}") = "桥接模式", "桥接模式\桥接模式.csproj", "{9D26AFB5-97C1-4694-A2C4-98925D25EF58}"
EndProject
Project("{FAE04EC0-301F-11D3-BF4B-00C04F79EFBC}") = "装饰者模式", "装饰者模式\装饰者模式.csproj", "{ADB19CB0-7CA2-4746-BB2A-209EDFD3F012}"
EndProject
Project("{FAE04EC0-301F-11D3-BF4B-00C04F79EFBC}") = "组合模式", "组合模式\组合模式.csproj", "{95D96FDD-8EBA-4304-850E-4F70635FF8C0}"
EndProject
Project("{FAE04EC0-301F-11D3-BF4B-00C04F79EFBC}") = "外观模式", "外观模式\外观模式.csproj", "{044F00FD-591B-49B0-8EA0-1450771A487B}"
EndProject
Project("{2150E333-8FDC-42A3-9474-1A3956D46DE8}") = "创建型模式", "创建型模式", "{0032D6F4-FE9D-41E3-BD71-05CE37434880}"
EndProject
Project("{FAE04EC0-301F-11D3-BF4B-00C04F79EFBC}") = "单例模式", "单例模式\单例模式.csproj", "{5D717C8F-7296-4220-8E64-3E7523D90C9C}"
EndProject
Project("{FAE04EC0-301F-11D3-BF4B-00C04F79EFBC}") = "简单工厂模式", "简单工厂模式\简单工厂模式.csproj", "{3B831A7F-D5EC-44A0-801B-7769F2B4CFCC}"
EndProject
Project("{FAE04EC0-301F-11D3-BF4B-00C04F79EFBC}") = "工厂方法模式", "工厂方法模式\工厂方法模式.csproj", "{9B6B4BD0-85E2-4AD4-99E5-A525338A091F}"
EndProject
Project("{FAE04EC0-301F-11D3-BF4B-00C04F79EFBC}") = "抽象工厂模式", "抽象工厂模式\抽象工厂模式.csproj", "{8472F00A-0D6F-41C1-84FB-20EAAA76F513}"
EndProject
Project("{FAE04EC0-301F-11D3-BF4B-00C04F79EFBC}") = "创造者模式", "创造者模式\创造者模式.csproj", "{5B9965C5-A160-496B-BC64-ECC3C763182E}"
EndProject
Project("{FAE04EC0-301F-11D3-BF4B-00C04F79EFBC}") = "原型模式", "原型模式\原型模式.csproj", "{EA61815A-42D4-4AA3-B2D5-8210A17F71A4}"
EndProject
Project("{FAE04EC0-301F-11D3-BF4B-00C04F79EFBC}") = "享元模式", "享元模式\享元模式.csproj", "{5D702372-B05F-46B2-AA6B-A7D98EEDDFDC}"
EndProject
Project("{2150E333-8FDC-42A3-9474-1A3956D46DE8}") = "行为型模式", "行为型模式", "{7BC41FDD-03F8-46C3-AE2B-E2331A9C14A3}"
EndProject
Project("{FAE04EC0-301F-11D3-BF4B-00C04F79EFBC}") = "模版方法模式", "模版方法模式\模版方法模式.csproj", "{1D7CA4D2-A9FA-41EA-A197-654CCB27CFA1}"
EndProject
Project("{FAE04EC0-301F-11D3-BF4B-00C04F79EFBC}") = "命令模式", "命令模式\命令模式.csproj", "{076A65FC-18A1-42BB-9DE2-3A25D53240D3}"
EndProject
Project("{FAE04EC0-301F-11D3-BF4B-00C04F79EFBC}") = "迭代器模式", "迭代器模式\迭代器模式.csproj", "{0436DF54-B67D-458F-A1A5-297930D49823}"
EndProject
Project("{FAE04EC0-301F-11D3-BF4B-00C04F79EFBC}") = "观察者模式", "观察者模式\观察者模式.csproj", "{F4B85E86-D994-447C-8F34-CDDB816988C1}"
EndProject
Project("{FAE04EC0-301F-11D3-BF4B-00C04F79EFBC}") = "状态模式", "状态模式\状态模式.csproj", "{0C526A46-382F-45EA-BE49-1713B15A1821}"
EndProject
Project("{FAE04EC0-301F-11D3-BF4B-00C04F79EFBC}") = "应用状态者模式完善中介者模式方案", "应用状态者模式完善中介者模式方案\应用状态者模式完善中介者模式方案.csproj", "{EBA85B0F-36DB-4000-B659-0FB952F1625F}"
EndProject
Project("{FAE04EC0-301F-11D3-BF4B-00C04F79EFBC}") = "策略模式", "策略模式\策略模式.csproj", "{2DE4BF91-5438-4D5B-94E1-1C02A6EECD8B}"
EndProject
Project("{FAE04EC0-301F-11D3-BF4B-00C04F79EFBC}") = "责任链模式", "责任链模式\责任链模式.csproj", "{E8602791-0925-4BE9-90B3-55C5F055A7BC}"
EndProject
Project("{FAE04EC0-301F-11D3-BF4B-00C04F79EFBC}") = "访问者模式", "访问者模式\访问者模式.csproj", "{DA395E0E-59A6-46FA-9027-3C7F121FF1A5}"
EndProject
Project("{FAE04EC0-301F-11D3-BF4B-00C04F79EFBC}") = "备忘录模式", "备忘录模式\备忘录模式.csproj", "{38672608-27AC-4AFF-8CE6-B4856F3D43FA}"
EndProject
Global
	GlobalSection(SolutionConfigurationPlatforms) = preSolution
		Debug|Any CPU = Debug|Any CPU
		Release|Any CPU = Release|Any CPU
	EndGlobalSection
	GlobalSection(ProjectConfigurationPlatforms) = postSolution
		{8A03EE68-205B-4855-B772-B7F155C8644E}.Debug|Any CPU.ActiveCfg = Debug|Any CPU
		{8A03EE68-205B-4855-B772-B7F155C8644E}.Debug|Any CPU.Build.0 = Debug|Any CPU
		{8A03EE68-205B-4855-B772-B7F155C8644E}.Release|Any CPU.ActiveCfg = Release|Any CPU
		{8A03EE68-205B-4855-B772-B7F155C8644E}.Release|Any CPU.Build.0 = Release|Any CPU
		{A9D49BE5-AB42-4E0E-A2A2-FA809BC91F0D}.Debug|Any CPU.ActiveCfg = Debug|Any CPU
		{A9D49BE5-AB42-4E0E-A2A2-FA809BC91F0D}.Debug|Any CPU.Build.0 = Debug|Any CPU
		{A9D49BE5-AB42-4E0E-A2A2-FA809BC91F0D}.Release|Any CPU.ActiveCfg = Release|Any CPU
		{A9D49BE5-AB42-4E0E-A2A2-FA809BC91F0D}.Release|Any CPU.Build.0 = Release|Any CPU
		{8AD399EB-B720-461B-BC6B-606666FEADC2}.Debug|Any CPU.ActiveCfg = Debug|Any CPU
		{8AD399EB-B720-461B-BC6B-606666FEADC2}.Debug|Any CPU.Build.0 = Debug|Any CPU
		{8AD399EB-B720-461B-BC6B-606666FEADC2}.Release|Any CPU.ActiveCfg = Release|Any CPU
		{8AD399EB-B720-461B-BC6B-606666FEADC2}.Release|Any CPU.Build.0 = Release|Any CPU
		{67C5A012-0CA0-4B59-8172-DFD4628E662B}.Debug|Any CPU.ActiveCfg = Debug|Any CPU
		{67C5A012-0CA0-4B59-8172-DFD4628E662B}.Debug|Any CPU.Build.0 = Debug|Any CPU
		{67C5A012-0CA0-4B59-8172-DFD4628E662B}.Release|Any CPU.ActiveCfg = Release|Any CPU
		{67C5A012-0CA0-4B59-8172-DFD4628E662B}.Release|Any CPU.Build.0 = Release|Any CPU
		{9D26AFB5-97C1-4694-A2C4-98925D25EF58}.Debug|Any CPU.ActiveCfg = Debug|Any CPU
		{9D26AFB5-97C1-4694-A2C4-98925D25EF58}.Debug|Any CPU.Build.0 = Debug|Any CPU
		{9D26AFB5-97C1-4694-A2C4-98925D25EF58}.Release|Any CPU.ActiveCfg = Release|Any CPU
		{9D26AFB5-97C1-4694-A2C4-98925D25EF58}.Release|Any CPU.Build.0 = Release|Any CPU
		{ADB19CB0-7CA2-4746-BB2A-209EDFD3F012}.Debug|Any CPU.ActiveCfg = Debug|Any CPU
		{ADB19CB0-7CA2-4746-BB2A-209EDFD3F012}.Debug|Any CPU.Build.0 = Debug|Any CPU
		{ADB19CB0-7CA2-4746-BB2A-209EDFD3F012}.Release|Any CPU.ActiveCfg = Release|Any CPU
		{ADB19CB0-7CA2-4746-BB2A-209EDFD3F012}.Release|Any CPU.Build.0 = Release|Any CPU
		{95D96FDD-8EBA-4304-850E-4F70635FF8C0}.Debug|Any CPU.ActiveCfg = Debug|Any CPU
		{95D96FDD-8EBA-4304-850E-4F70635FF8C0}.Debug|Any CPU.Build.0 = Debug|Any CPU
		{95D96FDD-8EBA-4304-850E-4F70635FF8C0}.Release|Any CPU.ActiveCfg = Release|Any CPU
		{95D96FDD-8EBA-4304-850E-4F70635FF8C0}.Release|Any CPU.Build.0 = Release|Any CPU
		{044F00FD-591B-49B0-8EA0-1450771A487B}.Debug|Any CPU.ActiveCfg = Debug|Any CPU
		{044F00FD-591B-49B0-8EA0-1450771A487B}.Debug|Any CPU.Build.0 = Debug|Any CPU
		{044F00FD-591B-49B0-8EA0-1450771A487B}.Release|Any CPU.ActiveCfg = Release|Any CPU
		{044F00FD-591B-49B0-8EA0-1450771A487B}.Release|Any CPU.Build.0 = Release|Any CPU
		{5D717C8F-7296-4220-8E64-3E7523D90C9C}.Debug|Any CPU.ActiveCfg = Debug|Any CPU
		{5D717C8F-7296-4220-8E64-3E7523D90C9C}.Debug|Any CPU.Build.0 = Debug|Any CPU
		{5D717C8F-7296-4220-8E64-3E7523D90C9C}.Release|Any CPU.ActiveCfg = Release|Any CPU
		{5D717C8F-7296-4220-8E64-3E7523D90C9C}.Release|Any CPU.Build.0 = Release|Any CPU
		{3B831A7F-D5EC-44A0-801B-7769F2B4CFCC}.Debug|Any CPU.ActiveCfg = Debug|Any CPU
		{3B831A7F-D5EC-44A0-801B-7769F2B4CFCC}.Debug|Any CPU.Build.0 = Debug|Any CPU
		{3B831A7F-D5EC-44A0-801B-7769F2B4CFCC}.Release|Any CPU.ActiveCfg = Release|Any CPU
		{3B831A7F-D5EC-44A0-801B-7769F2B4CFCC}.Release|Any CPU.Build.0 = Release|Any CPU
		{9B6B4BD0-85E2-4AD4-99E5-A525338A091F}.Debug|Any CPU.ActiveCfg = Debug|Any CPU
		{9B6B4BD0-85E2-4AD4-99E5-A525338A091F}.Debug|Any CPU.Build.0 = Debug|Any CPU
		{9B6B4BD0-85E2-4AD4-99E5-A525338A091F}.Release|Any CPU.ActiveCfg = Release|Any CPU
		{9B6B4BD0-85E2-4AD4-99E5-A525338A091F}.Release|Any CPU.Build.0 = Release|Any CPU
		{8472F00A-0D6F-41C1-84FB-20EAAA76F513}.Debug|Any CPU.ActiveCfg = Debug|Any CPU
		{8472F00A-0D6F-41C1-84FB-20EAAA76F513}.Debug|Any CPU.Build.0 = Debug|Any CPU
		{8472F00A-0D6F-41C1-84FB-20EAAA76F513}.Release|Any CPU.ActiveCfg = Release|Any CPU
		{8472F00A-0D6F-41C1-84FB-20EAAA76F513}.Release|Any CPU.Build.0 = Release|Any CPU
		{5B9965C5-A160-496B-BC64-ECC3C763182E}.Debug|Any CPU.ActiveCfg = Debug|Any CPU
		{5B9965C5-A160-496B-BC64-ECC3C763182E}.Debug|Any CPU.Build.0 = Debug|Any CPU
		{5B9965C5-A160-496B-BC64-ECC3C763182E}.Release|Any CPU.ActiveCfg = Release|Any CPU
		{5B9965C5-A160-496B-BC64-ECC3C763182E}.Release|Any CPU.Build.0 = Release|Any CPU
		{EA61815A-42D4-4AA3-B2D5-8210A17F71A4}.Debug|Any CPU.ActiveCfg = Debug|Any CPU
		{EA61815A-42D4-4AA3-B2D5-8210A17F71A4}.Debug|Any CPU.Build.0 = Debug|Any CPU
		{EA61815A-42D4-4AA3-B2D5-8210A17F71A4}.Release|Any CPU.ActiveCfg = Release|Any CPU
		{EA61815A-42D4-4AA3-B2D5-8210A17F71A4}.Release|Any CPU.Build.0 = Release|Any CPU
		{5D702372-B05F-46B2-AA6B-A7D98EEDDFDC}.Debug|Any CPU.ActiveCfg = Debug|Any CPU
		{5D702372-B05F-46B2-AA6B-A7D98EEDDFDC}.Debug|Any CPU.Build.0 = Debug|Any CPU
		{5D702372-B05F-46B2-AA6B-A7D98EEDDFDC}.Release|Any CPU.ActiveCfg = Release|Any CPU
		{5D702372-B05F-46B2-AA6B-A7D98EEDDFDC}.Release|Any CPU.Build.0 = Release|Any CPU
		{1D7CA4D2-A9FA-41EA-A197-654CCB27CFA1}.Debug|Any CPU.ActiveCfg = Debug|Any CPU
		{1D7CA4D2-A9FA-41EA-A197-654CCB27CFA1}.Debug|Any CPU.Build.0 = Debug|Any CPU
		{1D7CA4D2-A9FA-41EA-A197-654CCB27CFA1}.Release|Any CPU.ActiveCfg = Release|Any CPU
		{1D7CA4D2-A9FA-41EA-A197-654CCB27CFA1}.Release|Any CPU.Build.0 = Release|Any CPU
		{076A65FC-18A1-42BB-9DE2-3A25D53240D3}.Debug|Any CPU.ActiveCfg = Debug|Any CPU
		{076A65FC-18A1-42BB-9DE2-3A25D53240D3}.Debug|Any CPU.Build.0 = Debug|Any CPU
		{076A65FC-18A1-42BB-9DE2-3A25D53240D3}.Release|Any CPU.ActiveCfg = Release|Any CPU
		{076A65FC-18A1-42BB-9DE2-3A25D53240D3}.Release|Any CPU.Build.0 = Release|Any CPU
		{0436DF54-B67D-458F-A1A5-297930D49823}.Debug|Any CPU.ActiveCfg = Debug|Any CPU
		{0436DF54-B67D-458F-A1A5-297930D49823}.Debug|Any CPU.Build.0 = Debug|Any CPU
		{0436DF54-B67D-458F-A1A5-297930D49823}.Release|Any CPU.ActiveCfg = Release|Any CPU
		{0436DF54-B67D-458F-A1A5-297930D49823}.Release|Any CPU.Build.0 = Release|Any CPU
		{F4B85E86-D994-447C-8F34-CDDB816988C1}.Debug|Any CPU.ActiveCfg = Debug|Any CPU
		{F4B85E86-D994-447C-8F34-CDDB816988C1}.Debug|Any CPU.Build.0 = Debug|Any CPU
		{F4B85E86-D994-447C-8F34-CDDB816988C1}.Release|Any CPU.ActiveCfg = Release|Any CPU
		{F4B85E86-D994-447C-8F34-CDDB816988C1}.Release|Any CPU.Build.0 = Release|Any CPU
		{0C526A46-382F-45EA-BE49-1713B15A1821}.Debug|Any CPU.ActiveCfg = Debug|Any CPU
		{0C526A46-382F-45EA-BE49-1713B15A1821}.Debug|Any CPU.Build.0 = Debug|Any CPU
		{0C526A46-382F-45EA-BE49-1713B15A1821}.Release|Any CPU.ActiveCfg = Release|Any CPU
		{0C526A46-382F-45EA-BE49-1713B15A1821}.Release|Any CPU.Build.0 = Release|Any CPU
		{EBA85B0F-36DB-4000-B659-0FB952F1625F}.Debug|Any CPU.ActiveCfg = Debug|Any CPU
		{EBA85B0F-36DB-4000-B659-0FB952F1625F}.Debug|Any CPU.Build.0 = Debug|Any CPU
		{EBA85B0F-36DB-4000-B659-0FB952F1625F}.Release|Any CPU.ActiveCfg = Release|Any CPU
		{EBA85B0F-36DB-4000-B659-0FB952F1625F}.Release|Any CPU.Build.0 = Release|Any CPU
		{2DE4BF91-5438-4D5B-94E1-1C02A6EECD8B}.Debug|Any CPU.ActiveCfg = Debug|Any CPU
		{2DE4BF91-5438-4D5B-94E1-1C02A6EECD8B}.Debug|Any CPU.Build.0 = Debug|Any CPU
		{2DE4BF91-5438-4D5B-94E1-1C02A6EECD8B}.Release|Any CPU.ActiveCfg = Release|Any CPU
		{2DE4BF91-5438-4D5B-94E1-1C02A6EECD8B}.Release|Any CPU.Build.0 = Release|Any CPU
		{E8602791-0925-4BE9-90B3-55C5F055A7BC}.Debug|Any CPU.ActiveCfg = Debug|Any CPU
		{E8602791-0925-4BE9-90B3-55C5F055A7BC}.Debug|Any CPU.Build.0 = Debug|Any CPU
		{E8602791-0925-4BE9-90B3-55C5F055A7BC}.Release|Any CPU.ActiveCfg = Release|Any CPU
		{E8602791-0925-4BE9-90B3-55C5F055A7BC}.Release|Any CPU.Build.0 = Release|Any CPU
		{DA395E0E-59A6-46FA-9027-3C7F121FF1A5}.Debug|Any CPU.ActiveCfg = Debug|Any CPU
		{DA395E0E-59A6-46FA-9027-3C7F121FF1A5}.Debug|Any CPU.Build.0 = Debug|Any CPU
		{DA395E0E-59A6-46FA-9027-3C7F121FF1A5}.Release|Any CPU.ActiveCfg = Release|Any CPU
		{DA395E0E-59A6-46FA-9027-3C7F121FF1A5}.Release|Any CPU.Build.0 = Release|Any CPU
		{38672608-27AC-4AFF-8CE6-B4856F3D43FA}.Debug|Any CPU.ActiveCfg = Debug|Any CPU
		{38672608-27AC-4AFF-8CE6-B4856F3D43FA}.Debug|Any CPU.Build.0 = Debug|Any CPU
		{38672608-27AC-4AFF-8CE6-B4856F3D43FA}.Release|Any CPU.ActiveCfg = Release|Any CPU
		{38672608-27AC-4AFF-8CE6-B4856F3D43FA}.Release|Any CPU.Build.0 = Release|Any CPU
	EndGlobalSection
	GlobalSection(SolutionProperties) = preSolution
		HideSolutionNode = FALSE
	EndGlobalSection
	GlobalSection(NestedProjects) = preSolution
		{8A03EE68-205B-4855-B772-B7F155C8644E} = {7BC41FDD-03F8-46C3-AE2B-E2331A9C14A3}
		{1D7CA4D2-A9FA-41EA-A197-654CCB27CFA1} = {7BC41FDD-03F8-46C3-AE2B-E2331A9C14A3}
		{076A65FC-18A1-42BB-9DE2-3A25D53240D3} = {7BC41FDD-03F8-46C3-AE2B-E2331A9C14A3}
		{0436DF54-B67D-458F-A1A5-297930D49823} = {7BC41FDD-03F8-46C3-AE2B-E2331A9C14A3}
		{F4B85E86-D994-447C-8F34-CDDB816988C1} = {7BC41FDD-03F8-46C3-AE2B-E2331A9C14A3}
		{0C526A46-382F-45EA-BE49-1713B15A1821} = {7BC41FDD-03F8-46C3-AE2B-E2331A9C14A3}
		{EBA85B0F-36DB-4000-B659-0FB952F1625F} = {7BC41FDD-03F8-46C3-AE2B-E2331A9C14A3}
		{2DE4BF91-5438-4D5B-94E1-1C02A6EECD8B} = {7BC41FDD-03F8-46C3-AE2B-E2331A9C14A3}
		{E8602791-0925-4BE9-90B3-55C5F055A7BC} = {7BC41FDD-03F8-46C3-AE2B-E2331A9C14A3}
		{DA395E0E-59A6-46FA-9027-3C7F121FF1A5} = {7BC41FDD-03F8-46C3-AE2B-E2331A9C14A3}
		{38672608-27AC-4AFF-8CE6-B4856F3D43FA} = {7BC41FDD-03F8-46C3-AE2B-E2331A9C14A3}
		{A9D49BE5-AB42-4E0E-A2A2-FA809BC91F0D} = {93B31CDC-5336-4850-A9BE-424D82104D39}
		{51F26309-FE58-4CEF-A16A-635BCCCAA03C} = {93B31CDC-5336-4850-A9BE-424D82104D39}
		{9D26AFB5-97C1-4694-A2C4-98925D25EF58} = {93B31CDC-5336-4850-A9BE-424D82104D39}
		{ADB19CB0-7CA2-4746-BB2A-209EDFD3F012} = {93B31CDC-5336-4850-A9BE-424D82104D39}
		{95D96FDD-8EBA-4304-850E-4F70635FF8C0} = {93B31CDC-5336-4850-A9BE-424D82104D39}
		{044F00FD-591B-49B0-8EA0-1450771A487B} = {93B31CDC-5336-4850-A9BE-424D82104D39}
		{5D702372-B05F-46B2-AA6B-A7D98EEDDFDC} = {93B31CDC-5336-4850-A9BE-424D82104D39}
		{8AD399EB-B720-461B-BC6B-606666FEADC2} = {51F26309-FE58-4CEF-A16A-635BCCCAA03C}
		{67C5A012-0CA0-4B59-8172-DFD4628E662B} = {51F26309-FE58-4CEF-A16A-635BCCCAA03C}
		{5D717C8F-7296-4220-8E64-3E7523D90C9C} = {0032D6F4-FE9D-41E3-BD71-05CE37434880}
		{3B831A7F-D5EC-44A0-801B-7769F2B4CFCC} = {0032D6F4-FE9D-41E3-BD71-05CE37434880}
		{9B6B4BD0-85E2-4AD4-99E5-A525338A091F} = {0032D6F4-FE9D-41E3-BD71-05CE37434880}
		{8472F00A-0D6F-41C1-84FB-20EAAA76F513} = {0032D6F4-FE9D-41E3-BD71-05CE37434880}
		{5B9965C5-A160-496B-BC64-ECC3C763182E} = {0032D6F4-FE9D-41E3-BD71-05CE37434880}
		{EA61815A-42D4-4AA3-B2D5-8210A17F71A4} = {0032D6F4-FE9D-41E3-BD71-05CE37434880}
	EndGlobalSection
EndGlobal
